
Microsoft Visual Studio Solution File, Format Version 12.00
# Visual Studio Version 16
VisualStudioVersion = 16.0.33801.447
MinimumVisualStudioVersion = 10.0.40219.1
Project("{FAE04EC0-301F-11D3-BF4B-00C04F79EFBC}") = "SalmasBookStore", "SalmasBookStore\SalmasBookStore.csproj", "{3D71D3A8-428C-4B39-9EAA-24A92EB5F374}"
EndProject
Global
	GlobalSection(SolutionConfigurationPlatforms) = preSolution
		Debug|Any CPU = Debug|Any CPU
		Release|Any CPU = Release|Any CPU
	EndGlobalSection
	GlobalSection(ProjectConfigurationPlatforms) = postSolution
		{3D71D3A8-428C-4B39-9EAA-24A92EB5F374}.Debug|Any CPU.ActiveCfg = Debug|Any CPU
		{3D71D3A8-428C-4B39-9EAA-24A92EB5F374}.Debug|Any CPU.Build.0 = Debug|Any CPU
		{3D71D3A8-428C-4B39-9EAA-24A92EB5F374}.Release|Any CPU.ActiveCfg = Release|Any CPU
		{3D71D3A8-428C-4B39-9EAA-24A92EB5F374}.Release|Any CPU.Build.0 = Release|Any CPU
	EndGlobalSection
	GlobalSection(SolutionProperties) = preSolution
		HideSolutionNode = FALSE
	EndGlobalSection
	GlobalSection(ExtensibilityGlobals) = postSolution
		SolutionGuid = {88A13114-25B7-42C7-B750-936E2B3987C5}
	EndGlobalSection
EndGlobal
